{
  "name": "opencv-wasm",
  "lockfileVersion": 3,
  "requires": true,
  "packages": {
    "": {
      "dependencies": {
        "opencv-wasm": "^4.3.0-10"
      }
    },
    "node_modules/opencv-wasm": {
      "version": "4.3.0-10",
      "resolved": "https://registry.npmjs.org/opencv-wasm/-/opencv-wasm-4.3.0-10.tgz",
      "integrity": "sha512-EWmWLUzp2suoc6N44Y4ouWT85QwvShx23Q430R+lp6NyS828bjQn6mCgA3NJ6Z/S59aaTeeu+RhqPQIJIYld1w=="
    }
  }
}
